
Microsoft Visual Studio Solution File, Format Version 12.00
# Visual Studio 14
VisualStudioVersion = 14.0.25420.1
MinimumVisualStudioVersion = 10.0.40219.1
Project("{8BC9CEB8-8B4A-11D0-8D11-00A0C91BC942}") = "AboutPE", "AboutPE\AboutPE.vcxproj", "{FBC98C8C-4E48-41C5-8AC8-F9BB7BDCEB54}"
EndProject
Project("{8BC9CEB8-8B4A-11D0-8D11-00A0C91BC942}") = "AboutChar", "AboutChar\AboutChar.vcxproj", "{EAE85E19-A03F-4DA2-8A17-27320FE04B33}"
EndProject
Project("{8BC9CEB8-8B4A-11D0-8D11-00A0C91BC942}") = "AboutThread", "AboutThread\AboutThread.vcxproj", "{C5F65188-835C-4B4A-B5EB-C195C0FE3FE3}"
EndProject
Project("{8BC9CEB8-8B4A-11D0-8D11-00A0C91BC942}") = "AboutString", "AboutString\AboutString.vcxproj", "{E96816A5-5592-48E8-AA3C-25C6A60579DC}"
EndProject
Project("{8BC9CEB8-8B4A-11D0-8D11-00A0C91BC942}") = "TraverseDirectory", "TraverseDirectory\TraverseDirectory.vcxproj", "{A0A39785-980C-47D3-A90D-1586EEC050C3}"
EndProject
Project("{8BC9CEB8-8B4A-11D0-8D11-00A0C91BC942}") = "DllForTest", "DllForTest\DllForTest.vcxproj", "{78B0B34A-B000-48C4-8015-73BC82CDFDB6}"
EndProject
Project("{8BC9CEB8-8B4A-11D0-8D11-00A0C91BC942}") = "CallDll", "CallDll\CallDll.vcxproj", "{DE056139-9CC0-488F-BA6B-C9B26F49D88B}"
	ProjectSection(ProjectDependencies) = postProject
		{78B0B34A-B000-48C4-8015-73BC82CDFDB6} = {78B0B34A-B000-48C4-8015-73BC82CDFDB6}
	EndProjectSection
EndProject
Project("{8BC9CEB8-8B4A-11D0-8D11-00A0C91BC942}") = "LogFunction", "LogFunction\LogFunction.vcxproj", "{46E06CBA-64C6-473D-9C25-4CD53AD01A28}"
EndProject
Project("{8BC9CEB8-8B4A-11D0-8D11-00A0C91BC942}") = "PtrAndStruct", "PtrAndStruct\PtrAndStruct.vcxproj", "{AF20E22C-C474-4CE8-A50E-445C0528D9D5}"
EndProject
Project("{8BC9CEB8-8B4A-11D0-8D11-00A0C91BC942}") = "ExceptionHandler", "ExceptionHandler\ExceptionHandler.vcxproj", "{238980A7-5391-4312-AFD7-D7C19F2EEA45}"
EndProject
Project("{8BC9CEB8-8B4A-11D0-8D11-00A0C91BC942}") = "AboutDlg", "AboutDlg\AboutDlg.vcxproj", "{634AE23F-90E9-426E-AF6A-26190CC2C948}"
EndProject
Project("{8BC9CEB8-8B4A-11D0-8D11-00A0C91BC942}") = "Dlgdll", "Dlgdll\Dlgdll.vcxproj", "{93A929D5-6849-419C-BC10-D68C16EFF523}"
EndProject
Project("{8BC9CEB8-8B4A-11D0-8D11-00A0C91BC942}") = "TestDll", "TestDll\TestDll.vcxproj", "{A5FCDC2B-0E2A-47F7-AEB6-DEE59546BE26}"
EndProject
Project("{8BC9CEB8-8B4A-11D0-8D11-00A0C91BC942}") = "LearnProcess", "LearnProcess\LearnProcess.vcxproj", "{4873BF1F-0B11-4FFF-8227-59B71961FB64}"
EndProject
Project("{8BC9CEB8-8B4A-11D0-8D11-00A0C91BC942}") = "LearnJob", "LearnJob\LearnJob.vcxproj", "{2D4670AF-B672-46ED-B33C-0D08A122F48F}"
EndProject
Project("{8BC9CEB8-8B4A-11D0-8D11-00A0C91BC942}") = "TypeConvert", "TypeConvert\TypeConvert.vcxproj", "{8491C8D9-36D6-4D17-854D-F58C666DD342}"
EndProject
Project("{8BC9CEB8-8B4A-11D0-8D11-00A0C91BC942}") = "AboutPointer", "AboutPointer\AboutPointer.vcxproj", "{75D8386D-6E5D-4DE1-A895-4600E3F1BE54}"
EndProject
Project("{8BC9CEB8-8B4A-11D0-8D11-00A0C91BC942}") = "AboutVar", "AboutVar\AboutVar.vcxproj", "{5A4926F3-14A0-4910-A954-90DD1C78A6DE}"
EndProject
Project("{8BC9CEB8-8B4A-11D0-8D11-00A0C91BC942}") = "ThreadSync", "ThreadSync\ThreadSync.vcxproj", "{C97C8DF2-6CA1-47F0-A2BB-F22C2470A236}"
EndProject
Project("{8BC9CEB8-8B4A-11D0-8D11-00A0C91BC942}") = "StaticInClass", "StaticInClass\StaticInClass.vcxproj", "{0F7B3C66-0FA4-4F91-8340-63C37E259B6B}"
EndProject
Project("{8BC9CEB8-8B4A-11D0-8D11-00A0C91BC942}") = "LearnSet", "LearnSet\LearnSet.vcxproj", "{F97AE178-14D7-447B-83ED-37D1ACC4159D}"
EndProject
Project("{8BC9CEB8-8B4A-11D0-8D11-00A0C91BC942}") = "ChineseCharacterEncoding", "ChineseCharacterEncoding\ChineseCharacterEncoding.vcxproj", "{3624C453-D3A3-407A-B388-B6F3C1CBF268}"
EndProject
Project("{8BC9CEB8-8B4A-11D0-8D11-00A0C91BC942}") = "LearnList", "LearnList\LearnList.vcxproj", "{5FC53EDA-60C6-478E-BFE8-009B09B6A6A2}"
EndProject
Project("{8BC9CEB8-8B4A-11D0-8D11-00A0C91BC942}") = "CheckSum", "CheckSum\CheckSum.vcxproj", "{B9DB3281-CB3A-4E66-BB85-7D7EA1BC8713}"
EndProject
Project("{8BC9CEB8-8B4A-11D0-8D11-00A0C91BC942}") = "TestVector", "TestVector\TestVector.vcxproj", "{99B434FE-FBE4-465B-9DF1-C08E7FFCE49A}"
EndProject
Project("{8BC9CEB8-8B4A-11D0-8D11-00A0C91BC942}") = "AboutClass", "AboutClass\AboutClass.vcxproj", "{747085B4-CEDB-40A1-8F25-200217D7E5CC}"
EndProject
Project("{8BC9CEB8-8B4A-11D0-8D11-00A0C91BC942}") = "ClassExport", "ClassExport\ClassExport.vcxproj", "{C678008F-507A-4635-B738-35A332CA50E0}"
EndProject
Project("{8BC9CEB8-8B4A-11D0-8D11-00A0C91BC942}") = "Memory", "Memory\Memory.vcxproj", "{BB3C8EC7-00DA-47C8-87AB-9C07E89F83F8}"
EndProject
Project("{8BC9CEB8-8B4A-11D0-8D11-00A0C91BC942}") = "LearnTemplate", "LearnTemplate\LearnTemplate.vcxproj", "{26B97634-3371-47FA-9469-D2A55445FED9}"
EndProject
Project("{8BC9CEB8-8B4A-11D0-8D11-00A0C91BC942}") = "AboutPOD", "AboutPOD\AboutPOD.vcxproj", "{B85B03A3-0A54-40B8-834B-B83EC30F9FF5}"
EndProject
Global
	GlobalSection(SolutionConfigurationPlatforms) = preSolution
		Debug|x64 = Debug|x64
		Debug|x86 = Debug|x86
		Release|x64 = Release|x64
		Release|x86 = Release|x86
	EndGlobalSection
	GlobalSection(ProjectConfigurationPlatforms) = postSolution
		{FBC98C8C-4E48-41C5-8AC8-F9BB7BDCEB54}.Debug|x64.ActiveCfg = Debug|x64
		{FBC98C8C-4E48-41C5-8AC8-F9BB7BDCEB54}.Debug|x64.Build.0 = Debug|x64
		{FBC98C8C-4E48-41C5-8AC8-F9BB7BDCEB54}.Debug|x86.ActiveCfg = Debug|Win32
		{FBC98C8C-4E48-41C5-8AC8-F9BB7BDCEB54}.Debug|x86.Build.0 = Debug|Win32
		{FBC98C8C-4E48-41C5-8AC8-F9BB7BDCEB54}.Release|x64.ActiveCfg = Release|x64
		{FBC98C8C-4E48-41C5-8AC8-F9BB7BDCEB54}.Release|x64.Build.0 = Release|x64
		{FBC98C8C-4E48-41C5-8AC8-F9BB7BDCEB54}.Release|x86.ActiveCfg = Release|Win32
		{FBC98C8C-4E48-41C5-8AC8-F9BB7BDCEB54}.Release|x86.Build.0 = Release|Win32
		{EAE85E19-A03F-4DA2-8A17-27320FE04B33}.Debug|x64.ActiveCfg = Debug|x64
		{EAE85E19-A03F-4DA2-8A17-27320FE04B33}.Debug|x64.Build.0 = Debug|x64
		{EAE85E19-A03F-4DA2-8A17-27320FE04B33}.Debug|x86.ActiveCfg = Debug|Win32
		{EAE85E19-A03F-4DA2-8A17-27320FE04B33}.Debug|x86.Build.0 = Debug|Win32
		{EAE85E19-A03F-4DA2-8A17-27320FE04B33}.Release|x64.ActiveCfg = Release|x64
		{EAE85E19-A03F-4DA2-8A17-27320FE04B33}.Release|x64.Build.0 = Release|x64
		{EAE85E19-A03F-4DA2-8A17-27320FE04B33}.Release|x86.ActiveCfg = Release|Win32
		{EAE85E19-A03F-4DA2-8A17-27320FE04B33}.Release|x86.Build.0 = Release|Win32
		{C5F65188-835C-4B4A-B5EB-C195C0FE3FE3}.Debug|x64.ActiveCfg = Debug|x64
		{C5F65188-835C-4B4A-B5EB-C195C0FE3FE3}.Debug|x64.Build.0 = Debug|x64
		{C5F65188-835C-4B4A-B5EB-C195C0FE3FE3}.Debug|x86.ActiveCfg = Debug|Win32
		{C5F65188-835C-4B4A-B5EB-C195C0FE3FE3}.Debug|x86.Build.0 = Debug|Win32
		{C5F65188-835C-4B4A-B5EB-C195C0FE3FE3}.Release|x64.ActiveCfg = Release|x64
		{C5F65188-835C-4B4A-B5EB-C195C0FE3FE3}.Release|x64.Build.0 = Release|x64
		{C5F65188-835C-4B4A-B5EB-C195C0FE3FE3}.Release|x86.ActiveCfg = Release|Win32
		{C5F65188-835C-4B4A-B5EB-C195C0FE3FE3}.Release|x86.Build.0 = Release|Win32
		{E96816A5-5592-48E8-AA3C-25C6A60579DC}.Debug|x64.ActiveCfg = Debug|x64
		{E96816A5-5592-48E8-AA3C-25C6A60579DC}.Debug|x64.Build.0 = Debug|x64
		{E96816A5-5592-48E8-AA3C-25C6A60579DC}.Debug|x86.ActiveCfg = Debug|Win32
		{E96816A5-5592-48E8-AA3C-25C6A60579DC}.Debug|x86.Build.0 = Debug|Win32
		{E96816A5-5592-48E8-AA3C-25C6A60579DC}.Release|x64.ActiveCfg = Release|x64
		{E96816A5-5592-48E8-AA3C-25C6A60579DC}.Release|x64.Build.0 = Release|x64
		{E96816A5-5592-48E8-AA3C-25C6A60579DC}.Release|x86.ActiveCfg = Release|Win32
		{E96816A5-5592-48E8-AA3C-25C6A60579DC}.Release|x86.Build.0 = Release|Win32
		{A0A39785-980C-47D3-A90D-1586EEC050C3}.Debug|x64.ActiveCfg = Debug|x64
		{A0A39785-980C-47D3-A90D-1586EEC050C3}.Debug|x64.Build.0 = Debug|x64
		{A0A39785-980C-47D3-A90D-1586EEC050C3}.Debug|x86.ActiveCfg = Debug|Win32
		{A0A39785-980C-47D3-A90D-1586EEC050C3}.Debug|x86.Build.0 = Debug|Win32
		{A0A39785-980C-47D3-A90D-1586EEC050C3}.Release|x64.ActiveCfg = Release|x64
		{A0A39785-980C-47D3-A90D-1586EEC050C3}.Release|x64.Build.0 = Release|x64
		{A0A39785-980C-47D3-A90D-1586EEC050C3}.Release|x86.ActiveCfg = Release|Win32
		{A0A39785-980C-47D3-A90D-1586EEC050C3}.Release|x86.Build.0 = Release|Win32
		{78B0B34A-B000-48C4-8015-73BC82CDFDB6}.Debug|x64.ActiveCfg = Debug|x64
		{78B0B34A-B000-48C4-8015-73BC82CDFDB6}.Debug|x64.Build.0 = Debug|x64
		{78B0B34A-B000-48C4-8015-73BC82CDFDB6}.Debug|x86.ActiveCfg = Debug|Win32
		{78B0B34A-B000-48C4-8015-73BC82CDFDB6}.Debug|x86.Build.0 = Debug|Win32
		{78B0B34A-B000-48C4-8015-73BC82CDFDB6}.Release|x64.ActiveCfg = Release|x64
		{78B0B34A-B000-48C4-8015-73BC82CDFDB6}.Release|x64.Build.0 = Release|x64
		{78B0B34A-B000-48C4-8015-73BC82CDFDB6}.Release|x86.ActiveCfg = Release|Win32
		{78B0B34A-B000-48C4-8015-73BC82CDFDB6}.Release|x86.Build.0 = Release|Win32
		{DE056139-9CC0-488F-BA6B-C9B26F49D88B}.Debug|x64.ActiveCfg = Debug|x64
		{DE056139-9CC0-488F-BA6B-C9B26F49D88B}.Debug|x64.Build.0 = Debug|x64
		{DE056139-9CC0-488F-BA6B-C9B26F49D88B}.Debug|x86.ActiveCfg = Debug|Win32
		{DE056139-9CC0-488F-BA6B-C9B26F49D88B}.Debug|x86.Build.0 = Debug|Win32
		{DE056139-9CC0-488F-BA6B-C9B26F49D88B}.Release|x64.ActiveCfg = Release|x64
		{DE056139-9CC0-488F-BA6B-C9B26F49D88B}.Release|x64.Build.0 = Release|x64
		{DE056139-9CC0-488F-BA6B-C9B26F49D88B}.Release|x86.ActiveCfg = Release|Win32
		{DE056139-9CC0-488F-BA6B-C9B26F49D88B}.Release|x86.Build.0 = Release|Win32
		{46E06CBA-64C6-473D-9C25-4CD53AD01A28}.Debug|x64.ActiveCfg = Debug|x64
		{46E06CBA-64C6-473D-9C25-4CD53AD01A28}.Debug|x64.Build.0 = Debug|x64
		{46E06CBA-64C6-473D-9C25-4CD53AD01A28}.Debug|x86.ActiveCfg = Debug|Win32
		{46E06CBA-64C6-473D-9C25-4CD53AD01A28}.Debug|x86.Build.0 = Debug|Win32
		{46E06CBA-64C6-473D-9C25-4CD53AD01A28}.Release|x64.ActiveCfg = Release|x64
		{46E06CBA-64C6-473D-9C25-4CD53AD01A28}.Release|x64.Build.0 = Release|x64
		{46E06CBA-64C6-473D-9C25-4CD53AD01A28}.Release|x86.ActiveCfg = Release|Win32
		{46E06CBA-64C6-473D-9C25-4CD53AD01A28}.Release|x86.Build.0 = Release|Win32
		{AF20E22C-C474-4CE8-A50E-445C0528D9D5}.Debug|x64.ActiveCfg = Debug|x64
		{AF20E22C-C474-4CE8-A50E-445C0528D9D5}.Debug|x64.Build.0 = Debug|x64
		{AF20E22C-C474-4CE8-A50E-445C0528D9D5}.Debug|x86.ActiveCfg = Debug|Win32
		{AF20E22C-C474-4CE8-A50E-445C0528D9D5}.Debug|x86.Build.0 = Debug|Win32
		{AF20E22C-C474-4CE8-A50E-445C0528D9D5}.Release|x64.ActiveCfg = Release|x64
		{AF20E22C-C474-4CE8-A50E-445C0528D9D5}.Release|x64.Build.0 = Release|x64
		{AF20E22C-C474-4CE8-A50E-445C0528D9D5}.Release|x86.ActiveCfg = Release|Win32
		{AF20E22C-C474-4CE8-A50E-445C0528D9D5}.Release|x86.Build.0 = Release|Win32
		{238980A7-5391-4312-AFD7-D7C19F2EEA45}.Debug|x64.ActiveCfg = Debug|x64
		{238980A7-5391-4312-AFD7-D7C19F2EEA45}.Debug|x64.Build.0 = Debug|x64
		{238980A7-5391-4312-AFD7-D7C19F2EEA45}.Debug|x86.ActiveCfg = Debug|Win32
		{238980A7-5391-4312-AFD7-D7C19F2EEA45}.Debug|x86.Build.0 = Debug|Win32
		{238980A7-5391-4312-AFD7-D7C19F2EEA45}.Release|x64.ActiveCfg = Release|x64
		{238980A7-5391-4312-AFD7-D7C19F2EEA45}.Release|x64.Build.0 = Release|x64
		{238980A7-5391-4312-AFD7-D7C19F2EEA45}.Release|x86.ActiveCfg = Release|Win32
		{238980A7-5391-4312-AFD7-D7C19F2EEA45}.Release|x86.Build.0 = Release|Win32
		{634AE23F-90E9-426E-AF6A-26190CC2C948}.Debug|x64.ActiveCfg = Debug|x64
		{634AE23F-90E9-426E-AF6A-26190CC2C948}.Debug|x64.Build.0 = Debug|x64
		{634AE23F-90E9-426E-AF6A-26190CC2C948}.Debug|x86.ActiveCfg = Debug|Win32
		{634AE23F-90E9-426E-AF6A-26190CC2C948}.Debug|x86.Build.0 = Debug|Win32
		{634AE23F-90E9-426E-AF6A-26190CC2C948}.Release|x64.ActiveCfg = Release|x64
		{634AE23F-90E9-426E-AF6A-26190CC2C948}.Release|x64.Build.0 = Release|x64
		{634AE23F-90E9-426E-AF6A-26190CC2C948}.Release|x86.ActiveCfg = Release|Win32
		{634AE23F-90E9-426E-AF6A-26190CC2C948}.Release|x86.Build.0 = Release|Win32
		{93A929D5-6849-419C-BC10-D68C16EFF523}.Debug|x64.ActiveCfg = Debug|x64
		{93A929D5-6849-419C-BC10-D68C16EFF523}.Debug|x64.Build.0 = Debug|x64
		{93A929D5-6849-419C-BC10-D68C16EFF523}.Debug|x86.ActiveCfg = Debug|Win32
		{93A929D5-6849-419C-BC10-D68C16EFF523}.Debug|x86.Build.0 = Debug|Win32
		{93A929D5-6849-419C-BC10-D68C16EFF523}.Release|x64.ActiveCfg = Release|x64
		{93A929D5-6849-419C-BC10-D68C16EFF523}.Release|x64.Build.0 = Release|x64
		{93A929D5-6849-419C-BC10-D68C16EFF523}.Release|x86.ActiveCfg = Release|Win32
		{93A929D5-6849-419C-BC10-D68C16EFF523}.Release|x86.Build.0 = Release|Win32
		{A5FCDC2B-0E2A-47F7-AEB6-DEE59546BE26}.Debug|x64.ActiveCfg = Debug|x64
		{A5FCDC2B-0E2A-47F7-AEB6-DEE59546BE26}.Debug|x64.Build.0 = Debug|x64
		{A5FCDC2B-0E2A-47F7-AEB6-DEE59546BE26}.Debug|x86.ActiveCfg = Debug|Win32
		{A5FCDC2B-0E2A-47F7-AEB6-DEE59546BE26}.Debug|x86.Build.0 = Debug|Win32
		{A5FCDC2B-0E2A-47F7-AEB6-DEE59546BE26}.Release|x64.ActiveCfg = Release|x64
		{A5FCDC2B-0E2A-47F7-AEB6-DEE59546BE26}.Release|x64.Build.0 = Release|x64
		{A5FCDC2B-0E2A-47F7-AEB6-DEE59546BE26}.Release|x86.ActiveCfg = Release|Win32
		{A5FCDC2B-0E2A-47F7-AEB6-DEE59546BE26}.Release|x86.Build.0 = Release|Win32
		{4873BF1F-0B11-4FFF-8227-59B71961FB64}.Debug|x64.ActiveCfg = Debug|x64
		{4873BF1F-0B11-4FFF-8227-59B71961FB64}.Debug|x64.Build.0 = Debug|x64
		{4873BF1F-0B11-4FFF-8227-59B71961FB64}.Debug|x86.ActiveCfg = Debug|Win32
		{4873BF1F-0B11-4FFF-8227-59B71961FB64}.Debug|x86.Build.0 = Debug|Win32
		{4873BF1F-0B11-4FFF-8227-59B71961FB64}.Release|x64.ActiveCfg = Release|x64
		{4873BF1F-0B11-4FFF-8227-59B71961FB64}.Release|x64.Build.0 = Release|x64
		{4873BF1F-0B11-4FFF-8227-59B71961FB64}.Release|x86.ActiveCfg = Release|Win32
		{4873BF1F-0B11-4FFF-8227-59B71961FB64}.Release|x86.Build.0 = Release|Win32
		{2D4670AF-B672-46ED-B33C-0D08A122F48F}.Debug|x64.ActiveCfg = Debug|x64
		{2D4670AF-B672-46ED-B33C-0D08A122F48F}.Debug|x64.Build.0 = Debug|x64
		{2D4670AF-B672-46ED-B33C-0D08A122F48F}.Debug|x86.ActiveCfg = Debug|Win32
		{2D4670AF-B672-46ED-B33C-0D08A122F48F}.Debug|x86.Build.0 = Debug|Win32
		{2D4670AF-B672-46ED-B33C-0D08A122F48F}.Release|x64.ActiveCfg = Release|x64
		{2D4670AF-B672-46ED-B33C-0D08A122F48F}.Release|x64.Build.0 = Release|x64
		{2D4670AF-B672-46ED-B33C-0D08A122F48F}.Release|x86.ActiveCfg = Release|Win32
		{2D4670AF-B672-46ED-B33C-0D08A122F48F}.Release|x86.Build.0 = Release|Win32
		{8491C8D9-36D6-4D17-854D-F58C666DD342}.Debug|x64.ActiveCfg = Debug|x64
		{8491C8D9-36D6-4D17-854D-F58C666DD342}.Debug|x64.Build.0 = Debug|x64
		{8491C8D9-36D6-4D17-854D-F58C666DD342}.Debug|x86.ActiveCfg = Debug|Win32
		{8491C8D9-36D6-4D17-854D-F58C666DD342}.Debug|x86.Build.0 = Debug|Win32
		{8491C8D9-36D6-4D17-854D-F58C666DD342}.Release|x64.ActiveCfg = Release|x64
		{8491C8D9-36D6-4D17-854D-F58C666DD342}.Release|x64.Build.0 = Release|x64
		{8491C8D9-36D6-4D17-854D-F58C666DD342}.Release|x86.ActiveCfg = Release|Win32
		{8491C8D9-36D6-4D17-854D-F58C666DD342}.Release|x86.Build.0 = Release|Win32
		{75D8386D-6E5D-4DE1-A895-4600E3F1BE54}.Debug|x64.ActiveCfg = Debug|x64
		{75D8386D-6E5D-4DE1-A895-4600E3F1BE54}.Debug|x64.Build.0 = Debug|x64
		{75D8386D-6E5D-4DE1-A895-4600E3F1BE54}.Debug|x86.ActiveCfg = Debug|Win32
		{75D8386D-6E5D-4DE1-A895-4600E3F1BE54}.Debug|x86.Build.0 = Debug|Win32
		{75D8386D-6E5D-4DE1-A895-4600E3F1BE54}.Release|x64.ActiveCfg = Release|x64
		{75D8386D-6E5D-4DE1-A895-4600E3F1BE54}.Release|x64.Build.0 = Release|x64
		{75D8386D-6E5D-4DE1-A895-4600E3F1BE54}.Release|x86.ActiveCfg = Release|Win32
		{75D8386D-6E5D-4DE1-A895-4600E3F1BE54}.Release|x86.Build.0 = Release|Win32
		{5A4926F3-14A0-4910-A954-90DD1C78A6DE}.Debug|x64.ActiveCfg = Debug|x64
		{5A4926F3-14A0-4910-A954-90DD1C78A6DE}.Debug|x64.Build.0 = Debug|x64
		{5A4926F3-14A0-4910-A954-90DD1C78A6DE}.Debug|x86.ActiveCfg = Debug|Win32
		{5A4926F3-14A0-4910-A954-90DD1C78A6DE}.Debug|x86.Build.0 = Debug|Win32
		{5A4926F3-14A0-4910-A954-90DD1C78A6DE}.Release|x64.ActiveCfg = Release|x64
		{5A4926F3-14A0-4910-A954-90DD1C78A6DE}.Release|x64.Build.0 = Release|x64
		{5A4926F3-14A0-4910-A954-90DD1C78A6DE}.Release|x86.ActiveCfg = Release|Win32
		{5A4926F3-14A0-4910-A954-90DD1C78A6DE}.Release|x86.Build.0 = Release|Win32
		{C97C8DF2-6CA1-47F0-A2BB-F22C2470A236}.Debug|x64.ActiveCfg = Debug|x64
		{C97C8DF2-6CA1-47F0-A2BB-F22C2470A236}.Debug|x64.Build.0 = Debug|x64
		{C97C8DF2-6CA1-47F0-A2BB-F22C2470A236}.Debug|x86.ActiveCfg = Debug|Win32
		{C97C8DF2-6CA1-47F0-A2BB-F22C2470A236}.Debug|x86.Build.0 = Debug|Win32
		{C97C8DF2-6CA1-47F0-A2BB-F22C2470A236}.Release|x64.ActiveCfg = Release|x64
		{C97C8DF2-6CA1-47F0-A2BB-F22C2470A236}.Release|x64.Build.0 = Release|x64
		{C97C8DF2-6CA1-47F0-A2BB-F22C2470A236}.Release|x86.ActiveCfg = Release|Win32
		{C97C8DF2-6CA1-47F0-A2BB-F22C2470A236}.Release|x86.Build.0 = Release|Win32
		{0F7B3C66-0FA4-4F91-8340-63C37E259B6B}.Debug|x64.ActiveCfg = Debug|x64
		{0F7B3C66-0FA4-4F91-8340-63C37E259B6B}.Debug|x64.Build.0 = Debug|x64
		{0F7B3C66-0FA4-4F91-8340-63C37E259B6B}.Debug|x86.ActiveCfg = Debug|Win32
		{0F7B3C66-0FA4-4F91-8340-63C37E259B6B}.Debug|x86.Build.0 = Debug|Win32
		{0F7B3C66-0FA4-4F91-8340-63C37E259B6B}.Release|x64.ActiveCfg = Release|x64
		{0F7B3C66-0FA4-4F91-8340-63C37E259B6B}.Release|x64.Build.0 = Release|x64
		{0F7B3C66-0FA4-4F91-8340-63C37E259B6B}.Release|x86.ActiveCfg = Release|Win32
		{0F7B3C66-0FA4-4F91-8340-63C37E259B6B}.Release|x86.Build.0 = Release|Win32
		{F97AE178-14D7-447B-83ED-37D1ACC4159D}.Debug|x64.ActiveCfg = Debug|x64
		{F97AE178-14D7-447B-83ED-37D1ACC4159D}.Debug|x64.Build.0 = Debug|x64
		{F97AE178-14D7-447B-83ED-37D1ACC4159D}.Debug|x86.ActiveCfg = Debug|Win32
		{F97AE178-14D7-447B-83ED-37D1ACC4159D}.Debug|x86.Build.0 = Debug|Win32
		{F97AE178-14D7-447B-83ED-37D1ACC4159D}.Release|x64.ActiveCfg = Release|x64
		{F97AE178-14D7-447B-83ED-37D1ACC4159D}.Release|x64.Build.0 = Release|x64
		{F97AE178-14D7-447B-83ED-37D1ACC4159D}.Release|x86.ActiveCfg = Release|Win32
		{F97AE178-14D7-447B-83ED-37D1ACC4159D}.Release|x86.Build.0 = Release|Win32
		{3624C453-D3A3-407A-B388-B6F3C1CBF268}.Debug|x64.ActiveCfg = Debug|x64
		{3624C453-D3A3-407A-B388-B6F3C1CBF268}.Debug|x64.Build.0 = Debug|x64
		{3624C453-D3A3-407A-B388-B6F3C1CBF268}.Debug|x86.ActiveCfg = Debug|Win32
		{3624C453-D3A3-407A-B388-B6F3C1CBF268}.Debug|x86.Build.0 = Debug|Win32
		{3624C453-D3A3-407A-B388-B6F3C1CBF268}.Release|x64.ActiveCfg = Release|x64
		{3624C453-D3A3-407A-B388-B6F3C1CBF268}.Release|x64.Build.0 = Release|x64
		{3624C453-D3A3-407A-B388-B6F3C1CBF268}.Release|x86.ActiveCfg = Release|Win32
		{3624C453-D3A3-407A-B388-B6F3C1CBF268}.Release|x86.Build.0 = Release|Win32
		{5FC53EDA-60C6-478E-BFE8-009B09B6A6A2}.Debug|x64.ActiveCfg = Debug|x64
		{5FC53EDA-60C6-478E-BFE8-009B09B6A6A2}.Debug|x64.Build.0 = Debug|x64
		{5FC53EDA-60C6-478E-BFE8-009B09B6A6A2}.Debug|x86.ActiveCfg = Debug|Win32
		{5FC53EDA-60C6-478E-BFE8-009B09B6A6A2}.Debug|x86.Build.0 = Debug|Win32
		{5FC53EDA-60C6-478E-BFE8-009B09B6A6A2}.Release|x64.ActiveCfg = Release|x64
		{5FC53EDA-60C6-478E-BFE8-009B09B6A6A2}.Release|x64.Build.0 = Release|x64
		{5FC53EDA-60C6-478E-BFE8-009B09B6A6A2}.Release|x86.ActiveCfg = Release|Win32
		{5FC53EDA-60C6-478E-BFE8-009B09B6A6A2}.Release|x86.Build.0 = Release|Win32
		{B9DB3281-CB3A-4E66-BB85-7D7EA1BC8713}.Debug|x64.ActiveCfg = Debug|x64
		{B9DB3281-CB3A-4E66-BB85-7D7EA1BC8713}.Debug|x64.Build.0 = Debug|x64
		{B9DB3281-CB3A-4E66-BB85-7D7EA1BC8713}.Debug|x86.ActiveCfg = Debug|Win32
		{B9DB3281-CB3A-4E66-BB85-7D7EA1BC8713}.Debug|x86.Build.0 = Debug|Win32
		{B9DB3281-CB3A-4E66-BB85-7D7EA1BC8713}.Release|x64.ActiveCfg = Release|x64
		{B9DB3281-CB3A-4E66-BB85-7D7EA1BC8713}.Release|x64.Build.0 = Release|x64
		{B9DB3281-CB3A-4E66-BB85-7D7EA1BC8713}.Release|x86.ActiveCfg = Release|Win32
		{B9DB3281-CB3A-4E66-BB85-7D7EA1BC8713}.Release|x86.Build.0 = Release|Win32
		{99B434FE-FBE4-465B-9DF1-C08E7FFCE49A}.Debug|x64.ActiveCfg = Debug|x64
		{99B434FE-FBE4-465B-9DF1-C08E7FFCE49A}.Debug|x64.Build.0 = Debug|x64
		{99B434FE-FBE4-465B-9DF1-C08E7FFCE49A}.Debug|x86.ActiveCfg = Debug|Win32
		{99B434FE-FBE4-465B-9DF1-C08E7FFCE49A}.Debug|x86.Build.0 = Debug|Win32
		{99B434FE-FBE4-465B-9DF1-C08E7FFCE49A}.Release|x64.ActiveCfg = Release|x64
		{99B434FE-FBE4-465B-9DF1-C08E7FFCE49A}.Release|x64.Build.0 = Release|x64
		{99B434FE-FBE4-465B-9DF1-C08E7FFCE49A}.Release|x86.ActiveCfg = Release|Win32
		{99B434FE-FBE4-465B-9DF1-C08E7FFCE49A}.Release|x86.Build.0 = Release|Win32
		{747085B4-CEDB-40A1-8F25-200217D7E5CC}.Debug|x64.ActiveCfg = Debug|x64
		{747085B4-CEDB-40A1-8F25-200217D7E5CC}.Debug|x64.Build.0 = Debug|x64
		{747085B4-CEDB-40A1-8F25-200217D7E5CC}.Debug|x86.ActiveCfg = Debug|Win32
		{747085B4-CEDB-40A1-8F25-200217D7E5CC}.Debug|x86.Build.0 = Debug|Win32
		{747085B4-CEDB-40A1-8F25-200217D7E5CC}.Release|x64.ActiveCfg = Release|x64
		{747085B4-CEDB-40A1-8F25-200217D7E5CC}.Release|x64.Build.0 = Release|x64
		{747085B4-CEDB-40A1-8F25-200217D7E5CC}.Release|x86.ActiveCfg = Release|Win32
		{747085B4-CEDB-40A1-8F25-200217D7E5CC}.Release|x86.Build.0 = Release|Win32
		{C678008F-507A-4635-B738-35A332CA50E0}.Debug|x64.ActiveCfg = Debug|x64
		{C678008F-507A-4635-B738-35A332CA50E0}.Debug|x64.Build.0 = Debug|x64
		{C678008F-507A-4635-B738-35A332CA50E0}.Debug|x86.ActiveCfg = Debug|Win32
		{C678008F-507A-4635-B738-35A332CA50E0}.Debug|x86.Build.0 = Debug|Win32
		{C678008F-507A-4635-B738-35A332CA50E0}.Release|x64.ActiveCfg = Release|x64
		{C678008F-507A-4635-B738-35A332CA50E0}.Release|x64.Build.0 = Release|x64
		{C678008F-507A-4635-B738-35A332CA50E0}.Release|x86.ActiveCfg = Release|Win32
		{C678008F-507A-4635-B738-35A332CA50E0}.Release|x86.Build.0 = Release|Win32
		{BB3C8EC7-00DA-47C8-87AB-9C07E89F83F8}.Debug|x64.ActiveCfg = Debug|x64
		{BB3C8EC7-00DA-47C8-87AB-9C07E89F83F8}.Debug|x64.Build.0 = Debug|x64
		{BB3C8EC7-00DA-47C8-87AB-9C07E89F83F8}.Debug|x86.ActiveCfg = Debug|Win32
		{BB3C8EC7-00DA-47C8-87AB-9C07E89F83F8}.Debug|x86.Build.0 = Debug|Win32
		{BB3C8EC7-00DA-47C8-87AB-9C07E89F83F8}.Release|x64.ActiveCfg = Release|x64
		{BB3C8EC7-00DA-47C8-87AB-9C07E89F83F8}.Release|x64.Build.0 = Release|x64
		{BB3C8EC7-00DA-47C8-87AB-9C07E89F83F8}.Release|x86.ActiveCfg = Release|Win32
		{BB3C8EC7-00DA-47C8-87AB-9C07E89F83F8}.Release|x86.Build.0 = Release|Win32
		{26B97634-3371-47FA-9469-D2A55445FED9}.Debug|x64.ActiveCfg = Debug|x64
		{26B97634-3371-47FA-9469-D2A55445FED9}.Debug|x64.Build.0 = Debug|x64
		{26B97634-3371-47FA-9469-D2A55445FED9}.Debug|x86.ActiveCfg = Debug|Win32
		{26B97634-3371-47FA-9469-D2A55445FED9}.Debug|x86.Build.0 = Debug|Win32
		{26B97634-3371-47FA-9469-D2A55445FED9}.Release|x64.ActiveCfg = Release|x64
		{26B97634-3371-47FA-9469-D2A55445FED9}.Release|x64.Build.0 = Release|x64
		{26B97634-3371-47FA-9469-D2A55445FED9}.Release|x86.ActiveCfg = Release|Win32
		{26B97634-3371-47FA-9469-D2A55445FED9}.Release|x86.Build.0 = Release|Win32
		{B85B03A3-0A54-40B8-834B-B83EC30F9FF5}.Debug|x64.ActiveCfg = Debug|x64
		{B85B03A3-0A54-40B8-834B-B83EC30F9FF5}.Debug|x64.Build.0 = Debug|x64
		{B85B03A3-0A54-40B8-834B-B83EC30F9FF5}.Debug|x86.ActiveCfg = Debug|Win32
		{B85B03A3-0A54-40B8-834B-B83EC30F9FF5}.Debug|x86.Build.0 = Debug|Win32
		{B85B03A3-0A54-40B8-834B-B83EC30F9FF5}.Release|x64.ActiveCfg = Release|x64
		{B85B03A3-0A54-40B8-834B-B83EC30F9FF5}.Release|x64.Build.0 = Release|x64
		{B85B03A3-0A54-40B8-834B-B83EC30F9FF5}.Release|x86.ActiveCfg = Release|Win32
		{B85B03A3-0A54-40B8-834B-B83EC30F9FF5}.Release|x86.Build.0 = Release|Win32
	EndGlobalSection
	GlobalSection(SolutionProperties) = preSolution
		HideSolutionNode = FALSE
	EndGlobalSection
EndGlobal
