
Microsoft Visual Studio Solution File, Format Version 12.00
# Visual Studio 14
VisualStudioVersion = 14.0.25420.1
MinimumVisualStudioVersion = 10.0.40219.1
Project("{8BC9CEB8-8B4A-11D0-8D11-00A0C91BC942}") = "AboutPE", "AboutPE\AboutPE.vcxproj", "{FBC98C8C-4E48-41C5-8AC8-F9BB7BDCEB54}"
EndProject
Project("{8BC9CEB8-8B4A-11D0-8D11-00A0C91BC942}") = "AboutChar", "AboutChar\AboutChar.vcxproj", "{EAE85E19-A03F-4DA2-8A17-27320FE04B33}"
EndProject
Project("{8BC9CEB8-8B4A-11D0-8D11-00A0C91BC942}") = "AboutThread", "AboutThread\AboutThread.vcxproj", "{C5F65188-835C-4B4A-B5EB-C195C0FE3FE3}"
EndProject
Project("{8BC9CEB8-8B4A-11D0-8D11-00A0C91BC942}") = "AboutString", "AboutString\AboutString.vcxproj", "{E96816A5-5592-48E8-AA3C-25C6A60579DC}"
EndProject
Project("{8BC9CEB8-8B4A-11D0-8D11-00A0C91BC942}") = "TraverseDirectory", "TraverseDirectory\TraverseDirectory.vcxproj", "{A0A39785-980C-47D3-A90D-1586EEC050C3}"
EndProject
Project("{8BC9CEB8-8B4A-11D0-8D11-00A0C91BC942}") = "DllForTest", "DllForTest\DllForTest.vcxproj", "{78B0B34A-B000-48C4-8015-73BC82CDFDB6}"
EndProject
Project("{8BC9CEB8-8B4A-11D0-8D11-00A0C91BC942}") = "CallDll", "CallDll\CallDll.vcxproj", "{DE056139-9CC0-488F-BA6B-C9B26F49D88B}"
	ProjectSection(ProjectDependencies) = postProject
		{78B0B34A-B000-48C4-8015-73BC82CDFDB6} = {78B0B34A-B000-48C4-8015-73BC82CDFDB6}
	EndProjectSection
EndProject
Project("{8BC9CEB8-8B4A-11D0-8D11-00A0C91BC942}") = "LogFunction", "LogFunction\LogFunction.vcxproj", "{46E06CBA-64C6-473D-9C25-4CD53AD01A28}"
EndProject
Project("{8BC9CEB8-8B4A-11D0-8D11-00A0C91BC942}") = "PtrAndStruct", "PtrAndStruct\PtrAndStruct.vcxproj", "{AF20E22C-C474-4CE8-A50E-445C0528D9D5}"
EndProject
Project("{8BC9CEB8-8B4A-11D0-8D11-00A0C91BC942}") = "ExceptionHandler", "ExceptionHandler\ExceptionHandler.vcxproj", "{238980A7-5391-4312-AFD7-D7C19F2EEA45}"
EndProject
Project("{8BC9CEB8-8B4A-11D0-8D11-00A0C91BC942}") = "AboutDlg", "AboutDlg\AboutDlg.vcxproj", "{634AE23F-90E9-426E-AF6A-26190CC2C948}"
EndProject
Project("{8BC9CEB8-8B4A-11D0-8D11-00A0C91BC942}") = "Dlgdll", "Dlgdll\Dlgdll.vcxproj", "{93A929D5-6849-419C-BC10-D68C16EFF523}"
EndProject
Project("{8BC9CEB8-8B4A-11D0-8D11-00A0C91BC942}") = "TestDll", "TestDll\TestDll.vcxproj", "{A5FCDC2B-0E2A-47F7-AEB6-DEE59546BE26}"
EndProject
Project("{8BC9CEB8-8B4A-11D0-8D11-00A0C91BC942}") = "LearnProcess", "LearnProcess\LearnProcess.vcxproj", "{4873BF1F-0B11-4FFF-8227-59B71961FB64}"
EndProject
Project("{8BC9CEB8-8B4A-11D0-8D11-00A0C91BC942}") = "LearnJob", "LearnJob\LearnJob.vcxproj", "{2D4670AF-B672-46ED-B33C-0D08A122F48F}"
EndProject
Project("{8BC9CEB8-8B4A-11D0-8D11-00A0C91BC942}") = "TypeConvert", "TypeConvert\TypeConvert.vcxproj", "{8491C8D9-36D6-4D17-854D-F58C666DD342}"
EndProject
Project("{8BC9CEB8-8B4A-11D0-8D11-00A0C91BC942}") = "AboutPointer", "AboutPointer\AboutPointer.vcxproj", "{75D8386D-6E5D-4DE1-A895-4600E3F1BE54}"
EndProject
Global
	GlobalSection(SolutionConfigurationPlatforms) = preSolution
		Debug|x64 = Debug|x64
		Debug|x86 = Debug|x86
		Release|x64 = Release|x64
		Release|x86 = Release|x86
	EndGlobalSection
	GlobalSection(ProjectConfigurationPlatforms) = postSolution
		{FBC98C8C-4E48-41C5-8AC8-F9BB7BDCEB54}.Debug|x64.ActiveCfg = Debug|x64
		{FBC98C8C-4E48-41C5-8AC8-F9BB7BDCEB54}.Debug|x64.Build.0 = Debug|x64
		{FBC98C8C-4E48-41C5-8AC8-F9BB7BDCEB54}.Debug|x86.ActiveCfg = Debug|Win32
		{FBC98C8C-4E48-41C5-8AC8-F9BB7BDCEB54}.Debug|x86.Build.0 = Debug|Win32
		{FBC98C8C-4E48-41C5-8AC8-F9BB7BDCEB54}.Release|x64.ActiveCfg = Release|x64
		{FBC98C8C-4E48-41C5-8AC8-F9BB7BDCEB54}.Release|x64.Build.0 = Release|x64
		{FBC98C8C-4E48-41C5-8AC8-F9BB7BDCEB54}.Release|x86.ActiveCfg = Release|Win32
		{FBC98C8C-4E48-41C5-8AC8-F9BB7BDCEB54}.Release|x86.Build.0 = Release|Win32
		{EAE85E19-A03F-4DA2-8A17-27320FE04B33}.Debug|x64.ActiveCfg = Debug|x64
		{EAE85E19-A03F-4DA2-8A17-27320FE04B33}.Debug|x64.Build.0 = Debug|x64
		{EAE85E19-A03F-4DA2-8A17-27320FE04B33}.Debug|x86.ActiveCfg = Debug|Win32
		{EAE85E19-A03F-4DA2-8A17-27320FE04B33}.Debug|x86.Build.0 = Debug|Win32
		{EAE85E19-A03F-4DA2-8A17-27320FE04B33}.Release|x64.ActiveCfg = Release|x64
		{EAE85E19-A03F-4DA2-8A17-27320FE04B33}.Release|x64.Build.0 = Release|x64
		{EAE85E19-A03F-4DA2-8A17-27320FE04B33}.Release|x86.ActiveCfg = Release|Win32
		{EAE85E19-A03F-4DA2-8A17-27320FE04B33}.Release|x86.Build.0 = Release|Win32
		{C5F65188-835C-4B4A-B5EB-C195C0FE3FE3}.Debug|x64.ActiveCfg = Debug|x64
		{C5F65188-835C-4B4A-B5EB-C195C0FE3FE3}.Debug|x64.Build.0 = Debug|x64
		{C5F65188-835C-4B4A-B5EB-C195C0FE3FE3}.Debug|x86.ActiveCfg = Debug|Win32
		{C5F65188-835C-4B4A-B5EB-C195C0FE3FE3}.Debug|x86.Build.0 = Debug|Win32
		{C5F65188-835C-4B4A-B5EB-C195C0FE3FE3}.Release|x64.ActiveCfg = Release|x64
		{C5F65188-835C-4B4A-B5EB-C195C0FE3FE3}.Release|x64.Build.0 = Release|x64
		{C5F65188-835C-4B4A-B5EB-C195C0FE3FE3}.Release|x86.ActiveCfg = Release|Win32
		{C5F65188-835C-4B4A-B5EB-C195C0FE3FE3}.Release|x86.Build.0 = Release|Win32
		{E96816A5-5592-48E8-AA3C-25C6A60579DC}.Debug|x64.ActiveCfg = Debug|x64
		{E96816A5-5592-48E8-AA3C-25C6A60579DC}.Debug|x64.Build.0 = Debug|x64
		{E96816A5-5592-48E8-AA3C-25C6A60579DC}.Debug|x86.ActiveCfg = Debug|Win32
		{E96816A5-5592-48E8-AA3C-25C6A60579DC}.Debug|x86.Build.0 = Debug|Win32
		{E96816A5-5592-48E8-AA3C-25C6A60579DC}.Release|x64.ActiveCfg = Release|x64
		{E96816A5-5592-48E8-AA3C-25C6A60579DC}.Release|x64.Build.0 = Release|x64
		{E96816A5-5592-48E8-AA3C-25C6A60579DC}.Release|x86.ActiveCfg = Release|Win32
		{E96816A5-5592-48E8-AA3C-25C6A60579DC}.Release|x86.Build.0 = Release|Win32
		{A0A39785-980C-47D3-A90D-1586EEC050C3}.Debug|x64.ActiveCfg = Debug|x64
		{A0A39785-980C-47D3-A90D-1586EEC050C3}.Debug|x64.Build.0 = Debug|x64
		{A0A39785-980C-47D3-A90D-1586EEC050C3}.Debug|x86.ActiveCfg = Debug|Win32
		{A0A39785-980C-47D3-A90D-1586EEC050C3}.Debug|x86.Build.0 = Debug|Win32
		{A0A39785-980C-47D3-A90D-1586EEC050C3}.Release|x64.ActiveCfg = Release|x64
		{A0A39785-980C-47D3-A90D-1586EEC050C3}.Release|x64.Build.0 = Release|x64
		{A0A39785-980C-47D3-A90D-1586EEC050C3}.Release|x86.ActiveCfg = Release|Win32
		{A0A39785-980C-47D3-A90D-1586EEC050C3}.Release|x86.Build.0 = Release|Win32
		{78B0B34A-B000-48C4-8015-73BC82CDFDB6}.Debug|x64.ActiveCfg = Debug|x64
		{78B0B34A-B000-48C4-8015-73BC82CDFDB6}.Debug|x64.Build.0 = Debug|x64
		{78B0B34A-B000-48C4-8015-73BC82CDFDB6}.Debug|x86.ActiveCfg = Debug|Win32
		{78B0B34A-B000-48C4-8015-73BC82CDFDB6}.Debug|x86.Build.0 = Debug|Win32
		{78B0B34A-B000-48C4-8015-73BC82CDFDB6}.Release|x64.ActiveCfg = Release|x64
		{78B0B34A-B000-48C4-8015-73BC82CDFDB6}.Release|x64.Build.0 = Release|x64
		{78B0B34A-B000-48C4-8015-73BC82CDFDB6}.Release|x86.ActiveCfg = Release|Win32
		{78B0B34A-B000-48C4-8015-73BC82CDFDB6}.Release|x86.Build.0 = Release|Win32
		{DE056139-9CC0-488F-BA6B-C9B26F49D88B}.Debug|x64.ActiveCfg = Debug|x64
		{DE056139-9CC0-488F-BA6B-C9B26F49D88B}.Debug|x64.Build.0 = Debug|x64
		{DE056139-9CC0-488F-BA6B-C9B26F49D88B}.Debug|x86.ActiveCfg = Debug|Win32
		{DE056139-9CC0-488F-BA6B-C9B26F49D88B}.Debug|x86.Build.0 = Debug|Win32
		{DE056139-9CC0-488F-BA6B-C9B26F49D88B}.Release|x64.ActiveCfg = Release|x64
		{DE056139-9CC0-488F-BA6B-C9B26F49D88B}.Release|x64.Build.0 = Release|x64
		{DE056139-9CC0-488F-BA6B-C9B26F49D88B}.Release|x86.ActiveCfg = Release|Win32
		{DE056139-9CC0-488F-BA6B-C9B26F49D88B}.Release|x86.Build.0 = Release|Win32
		{46E06CBA-64C6-473D-9C25-4CD53AD01A28}.Debug|x64.ActiveCfg = Debug|x64
		{46E06CBA-64C6-473D-9C25-4CD53AD01A28}.Debug|x64.Build.0 = Debug|x64
		{46E06CBA-64C6-473D-9C25-4CD53AD01A28}.Debug|x86.ActiveCfg = Debug|Win32
		{46E06CBA-64C6-473D-9C25-4CD53AD01A28}.Debug|x86.Build.0 = Debug|Win32
		{46E06CBA-64C6-473D-9C25-4CD53AD01A28}.Release|x64.ActiveCfg = Release|x64
		{46E06CBA-64C6-473D-9C25-4CD53AD01A28}.Release|x64.Build.0 = Release|x64
		{46E06CBA-64C6-473D-9C25-4CD53AD01A28}.Release|x86.ActiveCfg = Release|Win32
		{46E06CBA-64C6-473D-9C25-4CD53AD01A28}.Release|x86.Build.0 = Release|Win32
		{AF20E22C-C474-4CE8-A50E-445C0528D9D5}.Debug|x64.ActiveCfg = Debug|x64
		{AF20E22C-C474-4CE8-A50E-445C0528D9D5}.Debug|x64.Build.0 = Debug|x64
		{AF20E22C-C474-4CE8-A50E-445C0528D9D5}.Debug|x86.ActiveCfg = Debug|Win32
		{AF20E22C-C474-4CE8-A50E-445C0528D9D5}.Debug|x86.Build.0 = Debug|Win32
		{AF20E22C-C474-4CE8-A50E-445C0528D9D5}.Release|x64.ActiveCfg = Release|x64
		{AF20E22C-C474-4CE8-A50E-445C0528D9D5}.Release|x64.Build.0 = Release|x64
		{AF20E22C-C474-4CE8-A50E-445C0528D9D5}.Release|x86.ActiveCfg = Release|Win32
		{AF20E22C-C474-4CE8-A50E-445C0528D9D5}.Release|x86.Build.0 = Release|Win32
		{238980A7-5391-4312-AFD7-D7C19F2EEA45}.Debug|x64.ActiveCfg = Debug|x64
		{238980A7-5391-4312-AFD7-D7C19F2EEA45}.Debug|x64.Build.0 = Debug|x64
		{238980A7-5391-4312-AFD7-D7C19F2EEA45}.Debug|x86.ActiveCfg = Debug|Win32
		{238980A7-5391-4312-AFD7-D7C19F2EEA45}.Debug|x86.Build.0 = Debug|Win32
		{238980A7-5391-4312-AFD7-D7C19F2EEA45}.Release|x64.ActiveCfg = Release|x64
		{238980A7-5391-4312-AFD7-D7C19F2EEA45}.Release|x64.Build.0 = Release|x64
		{238980A7-5391-4312-AFD7-D7C19F2EEA45}.Release|x86.ActiveCfg = Release|Win32
		{238980A7-5391-4312-AFD7-D7C19F2EEA45}.Release|x86.Build.0 = Release|Win32
		{634AE23F-90E9-426E-AF6A-26190CC2C948}.Debug|x64.ActiveCfg = Debug|x64
		{634AE23F-90E9-426E-AF6A-26190CC2C948}.Debug|x64.Build.0 = Debug|x64
		{634AE23F-90E9-426E-AF6A-26190CC2C948}.Debug|x86.ActiveCfg = Debug|Win32
		{634AE23F-90E9-426E-AF6A-26190CC2C948}.Debug|x86.Build.0 = Debug|Win32
		{634AE23F-90E9-426E-AF6A-26190CC2C948}.Release|x64.ActiveCfg = Release|x64
		{634AE23F-90E9-426E-AF6A-26190CC2C948}.Release|x64.Build.0 = Release|x64
		{634AE23F-90E9-426E-AF6A-26190CC2C948}.Release|x86.ActiveCfg = Release|Win32
		{634AE23F-90E9-426E-AF6A-26190CC2C948}.Release|x86.Build.0 = Release|Win32
		{93A929D5-6849-419C-BC10-D68C16EFF523}.Debug|x64.ActiveCfg = Debug|x64
		{93A929D5-6849-419C-BC10-D68C16EFF523}.Debug|x64.Build.0 = Debug|x64
		{93A929D5-6849-419C-BC10-D68C16EFF523}.Debug|x86.ActiveCfg = Debug|Win32
		{93A929D5-6849-419C-BC10-D68C16EFF523}.Debug|x86.Build.0 = Debug|Win32
		{93A929D5-6849-419C-BC10-D68C16EFF523}.Release|x64.ActiveCfg = Release|x64
		{93A929D5-6849-419C-BC10-D68C16EFF523}.Release|x64.Build.0 = Release|x64
		{93A929D5-6849-419C-BC10-D68C16EFF523}.Release|x86.ActiveCfg = Release|Win32
		{93A929D5-6849-419C-BC10-D68C16EFF523}.Release|x86.Build.0 = Release|Win32
		{A5FCDC2B-0E2A-47F7-AEB6-DEE59546BE26}.Debug|x64.ActiveCfg = Debug|x64
		{A5FCDC2B-0E2A-47F7-AEB6-DEE59546BE26}.Debug|x64.Build.0 = Debug|x64
		{A5FCDC2B-0E2A-47F7-AEB6-DEE59546BE26}.Debug|x86.ActiveCfg = Debug|Win32
		{A5FCDC2B-0E2A-47F7-AEB6-DEE59546BE26}.Debug|x86.Build.0 = Debug|Win32
		{A5FCDC2B-0E2A-47F7-AEB6-DEE59546BE26}.Release|x64.ActiveCfg = Release|x64
		{A5FCDC2B-0E2A-47F7-AEB6-DEE59546BE26}.Release|x64.Build.0 = Release|x64
		{A5FCDC2B-0E2A-47F7-AEB6-DEE59546BE26}.Release|x86.ActiveCfg = Release|Win32
		{A5FCDC2B-0E2A-47F7-AEB6-DEE59546BE26}.Release|x86.Build.0 = Release|Win32
		{4873BF1F-0B11-4FFF-8227-59B71961FB64}.Debug|x64.ActiveCfg = Debug|x64
		{4873BF1F-0B11-4FFF-8227-59B71961FB64}.Debug|x64.Build.0 = Debug|x64
		{4873BF1F-0B11-4FFF-8227-59B71961FB64}.Debug|x86.ActiveCfg = Debug|Win32
		{4873BF1F-0B11-4FFF-8227-59B71961FB64}.Debug|x86.Build.0 = Debug|Win32
		{4873BF1F-0B11-4FFF-8227-59B71961FB64}.Release|x64.ActiveCfg = Release|x64
		{4873BF1F-0B11-4FFF-8227-59B71961FB64}.Release|x64.Build.0 = Release|x64
		{4873BF1F-0B11-4FFF-8227-59B71961FB64}.Release|x86.ActiveCfg = Release|Win32
		{4873BF1F-0B11-4FFF-8227-59B71961FB64}.Release|x86.Build.0 = Release|Win32
		{2D4670AF-B672-46ED-B33C-0D08A122F48F}.Debug|x64.ActiveCfg = Debug|x64
		{2D4670AF-B672-46ED-B33C-0D08A122F48F}.Debug|x64.Build.0 = Debug|x64
		{2D4670AF-B672-46ED-B33C-0D08A122F48F}.Debug|x86.ActiveCfg = Debug|Win32
		{2D4670AF-B672-46ED-B33C-0D08A122F48F}.Debug|x86.Build.0 = Debug|Win32
		{2D4670AF-B672-46ED-B33C-0D08A122F48F}.Release|x64.ActiveCfg = Release|x64
		{2D4670AF-B672-46ED-B33C-0D08A122F48F}.Release|x64.Build.0 = Release|x64
		{2D4670AF-B672-46ED-B33C-0D08A122F48F}.Release|x86.ActiveCfg = Release|Win32
		{2D4670AF-B672-46ED-B33C-0D08A122F48F}.Release|x86.Build.0 = Release|Win32
		{8491C8D9-36D6-4D17-854D-F58C666DD342}.Debug|x64.ActiveCfg = Debug|x64
		{8491C8D9-36D6-4D17-854D-F58C666DD342}.Debug|x64.Build.0 = Debug|x64
		{8491C8D9-36D6-4D17-854D-F58C666DD342}.Debug|x86.ActiveCfg = Debug|Win32
		{8491C8D9-36D6-4D17-854D-F58C666DD342}.Debug|x86.Build.0 = Debug|Win32
		{8491C8D9-36D6-4D17-854D-F58C666DD342}.Release|x64.ActiveCfg = Release|x64
		{8491C8D9-36D6-4D17-854D-F58C666DD342}.Release|x64.Build.0 = Release|x64
		{8491C8D9-36D6-4D17-854D-F58C666DD342}.Release|x86.ActiveCfg = Release|Win32
		{8491C8D9-36D6-4D17-854D-F58C666DD342}.Release|x86.Build.0 = Release|Win32
		{75D8386D-6E5D-4DE1-A895-4600E3F1BE54}.Debug|x64.ActiveCfg = Debug|x64
		{75D8386D-6E5D-4DE1-A895-4600E3F1BE54}.Debug|x64.Build.0 = Debug|x64
		{75D8386D-6E5D-4DE1-A895-4600E3F1BE54}.Debug|x86.ActiveCfg = Debug|Win32
		{75D8386D-6E5D-4DE1-A895-4600E3F1BE54}.Debug|x86.Build.0 = Debug|Win32
		{75D8386D-6E5D-4DE1-A895-4600E3F1BE54}.Release|x64.ActiveCfg = Release|x64
		{75D8386D-6E5D-4DE1-A895-4600E3F1BE54}.Release|x64.Build.0 = Release|x64
		{75D8386D-6E5D-4DE1-A895-4600E3F1BE54}.Release|x86.ActiveCfg = Release|Win32
		{75D8386D-6E5D-4DE1-A895-4600E3F1BE54}.Release|x86.Build.0 = Release|Win32
	EndGlobalSection
	GlobalSection(SolutionProperties) = preSolution
		HideSolutionNode = FALSE
	EndGlobalSection
EndGlobal
